
Microsoft Visual Studio Solution File, Format Version 12.00
# Visual Studio Version 16
VisualStudioVersion = 16.0.30711.63
MinimumVisualStudioVersion = 10.0.40219.1
Project("{FAE04EC0-301F-11D3-BF4B-00C04F79EFBC}") = "Task3_BARS", "Task3_BARS\Task3_BARS.csproj", "{ACFCC6D9-E37C-40BF-B8F5-8C1C18621681}"
EndProject
Global
	GlobalSection(SolutionConfigurationPlatforms) = preSolution
		Debug|Any CPU = Debug|Any CPU
		Release|Any CPU = Release|Any CPU
	EndGlobalSection
	GlobalSection(ProjectConfigurationPlatforms) = postSolution
		{ACFCC6D9-E37C-40BF-B8F5-8C1C18621681}.Debug|Any CPU.ActiveCfg = Debug|Any CPU
		{ACFCC6D9-E37C-40BF-B8F5-8C1C18621681}.Debug|Any CPU.Build.0 = Debug|Any CPU
		{ACFCC6D9-E37C-40BF-B8F5-8C1C18621681}.Release|Any CPU.ActiveCfg = Release|Any CPU
		{ACFCC6D9-E37C-40BF-B8F5-8C1C18621681}.Release|Any CPU.Build.0 = Release|Any CPU
	EndGlobalSection
	GlobalSection(SolutionProperties) = preSolution
		HideSolutionNode = FALSE
	EndGlobalSection
	GlobalSection(ExtensibilityGlobals) = postSolution
		SolutionGuid = {874FFA44-AAD2-4C7B-9BB5-0B2C4CF06CC4}
	EndGlobalSection
EndGlobal
